// !$*UTF8*$!
{
	archiveVersion = 1;
	classes = {
	};
	objectVersion = 50;
	objects = {

/* Begin PBXBuildFile section */
		6D495BAB28CF9A41007F1C72 /* mobileApp.swift in Sources */ = {isa = PBXBuildFile; fileRef = 6D495BAA28CF9A41007F1C72 /* mobileApp.swift */; };
		6D495BAD28CF9A41007F1C72 /* ContentView.swift in Sources */ = {isa = PBXBuildFile; fileRef = 6D495BAC28CF9A41007F1C72 /* ContentView.swift */; };
		6D495BAF28CF9A4F007F1C72 /* Assets.xcassets in Resources */ = {isa = PBXBuildFile; fileRef = 6D495BAE28CF9A4F007F1C72 /* Assets.xcassets */; };
		6D495BB228CF9A4F007F1C72 /* Preview Assets.xcassets in Resources */ = {isa = PBXBuildFile; fileRef = 6D495BB128CF9A4F007F1C72 /* Preview Assets.xcassets */; };
		6D495BBD28CF9A4F007F1C72 /* mobileTests.swift in Sources */ = {isa = PBXBuildFile; fileRef = 6D495BBC28CF9A4F007F1C72 /* mobileTests.swift */; };
		6D495BC828CF9A4F007F1C72 /* mobileUITests.swift in Sources */ = {isa = PBXBuildFile; fileRef = 6D495BC728CF9A4F007F1C72 /* mobileUITests.swift */; };
/* End PBXBuildFile section */

/* Begin PBXContainerItemProxy section */
		6D495BB928CF9A4F007F1C72 /* PBXContainerItemProxy */ = {
			isa = PBXContainerItemProxy;
			containerPortal = 6D495B9F28CF9A41007F1C72 /* Project object */;
			proxyType = 1;
			remoteGlobalIDString = 6D495BA628CF9A41007F1C72;
			remoteInfo = mobile;
		};
		6D495BC428CF9A4F007F1C72 /* PBXContainerItemProxy */ = {
			isa = PBXContainerItemProxy;
			containerPortal = 6D495B9F28CF9A41007F1C72 /* Project object */;
			proxyType = 1;
			remoteGlobalIDString = 6D495BA628CF9A41007F1C72;
			remoteInfo = mobile;
		};
/* End PBXContainerItemProxy section */

/* Begin PBXFileReference section */
		6D495BA728CF9A41007F1C72 /* mobile.app */ = {isa = PBXFileReference; explicitFileType = wrapper.application; includeInIndex = 0; path = mobile.app; sourceTree = BUILT_PRODUCTS_DIR; };
		6D495BAA28CF9A41007F1C72 /* mobileApp.swift */ = {isa = PBXFileReference; lastKnownFileType = sourcecode.swift; path = mobileApp.swift; sourceTree = "<group>"; };
		6D495BAC28CF9A41007F1C72 /* ContentView.swift */ = {isa = PBXFileReference; lastKnownFileType = sourcecode.swift; path = ContentView.swift; sourceTree = "<group>"; };
		6D495BAE28CF9A4F007F1C72 /* Assets.xcassets */ = {isa = PBXFileReference; lastKnownFileType = folder.assetcatalog; path = Assets.xcassets; sourceTree = "<group>"; };
		6D495BB128CF9A4F007F1C72 /* Preview Assets.xcassets */ = {isa = PBXFileReference; lastKnownFileType = folder.assetcatalog; path = "Preview Assets.xcassets"; sourceTree = "<group>"; };
		6D495BB328CF9A4F007F1C72 /* Info.plist */ = {isa = PBXFileReference; lastKnownFileType = text.plist.xml; path = Info.plist; sourceTree = "<group>"; };
		6D495BB828CF9A4F007F1C72 /* mobileTests.xctest */ = {isa = PBXFileReference; explicitFileType = wrapper.cfbundle; includeInIndex = 0; path = mobileTests.xctest; sourceTree = BUILT_PRODUCTS_DIR; };
		6D495BBC28CF9A4F007F1C72 /* mobileTests.swift */ = {isa = PBXFileReference; lastKnownFileType = sourcecode.swift; path = mobileTests.swift; sourceTree = "<group>"; };
		6D495BBE28CF9A4F007F1C72 /* Info.plist */ = {isa = PBXFileReference; lastKnownFileType = text.plist.xml; path = Info.plist; sourceTree = "<group>"; };
		6D495BC328CF9A4F007F1C72 /* mobileUITests.xctest */ = {isa = PBXFileReference; explicitFileType = wrapper.cfbundle; includeInIndex = 0; path = mobileUITests.xctest; sourceTree = BUILT_PRODUCTS_DIR; };
		6D495BC728CF9A4F007F1C72 /* mobileUITests.swift */ = {isa = PBXFileReference; lastKnownFileType = sourcecode.swift; path = mobileUITests.swift; sourceTree = "<group>"; };
		6D495BC928CF9A4F007F1C72 /* Info.plist */ = {isa = PBXFileReference; lastKnownFileType = text.plist.xml; path = Info.plist; sourceTree = "<group>"; };
/* End PBXFileReference section */

/* Begin PBXFrameworksBuildPhase section */
		6D495BA428CF9A41007F1C72 /* Frameworks */ = {
			isa = PBXFrameworksBuildPhase;
			buildActionMask = 2147483647;
			files = (
			);
			runOnlyForDeploymentPostprocessing = 0;
		};
		6D495BB528CF9A4F007F1C72 /* Frameworks */ = {
			isa = PBXFrameworksBuildPhase;
			buildActionMask = 2147483647;
			files = (
			);
			runOnlyForDeploymentPostprocessing = 0;
		};
		6D495BC028CF9A4F007F1C72 /* Frameworks */ = {
			isa = PBXFrameworksBuildPhase;
			buildActionMask = 2147483647;
			files = (
			);
			runOnlyForDeploymentPostprocessing = 0;
		};
/* End PBXFrameworksBuildPhase section */

/* Begin PBXGroup section */
		6D495B9E28CF9A41007F1C72 = {
			isa = PBXGroup;
			children = (
				6D495BA928CF9A41007F1C72 /* mobile */,
				6D495BBB28CF9A4F007F1C72 /* mobileTests */,
				6D495BC628CF9A4F007F1C72 /* mobileUITests */,
				6D495BA828CF9A41007F1C72 /* Products */,
			);
			sourceTree = "<group>";
		};
		6D495BA828CF9A41007F1C72 /* Products */ = {
			isa = PBXGroup;
			children = (
				6D495BA728CF9A41007F1C72 /* mobile.app */,
				6D495BB828CF9A4F007F1C72 /* mobileTests.xctest */,
				6D495BC328CF9A4F007F1C72 /* mobileUITests.xctest */,
			);
			name = Products;
			sourceTree = "<group>";
		};
		6D495BA928CF9A41007F1C72 /* mobile */ = {
			isa = PBXGroup;
			children = (
				6D495BAA28CF9A41007F1C72 /* mobileApp.swift */,
				6D495BAC28CF9A41007F1C72 /* ContentView.swift */,
				6D495BAE28CF9A4F007F1C72 /* Assets.xcassets */,
				6D495BB328CF9A4F007F1C72 /* Info.plist */,
				6D495BB028CF9A4F007F1C72 /* Preview Content */,
			);
			path = mobile;
			sourceTree = "<group>";
		};
		6D495BB028CF9A4F007F1C72 /* Preview Content */ = {
			isa = PBXGroup;
			children = (
				6D495BB128CF9A4F007F1C72 /* Preview Assets.xcassets */,
			);
			path = "Preview Content";
			sourceTree = "<group>";
		};
		6D495BBB28CF9A4F007F1C72 /* mobileTests */ = {
			isa = PBXGroup;
			children = (
				6D495BBC28CF9A4F007F1C72 /* mobileTests.swift */,
				6D495BBE28CF9A4F007F1C72 /* Info.plist */,
			);
			path = mobileTests;
			sourceTree = "<group>";
		};
		6D495BC628CF9A4F007F1C72 /* mobileUITests */ = {
			isa = PBXGroup;
			children = (
				6D495BC728CF9A4F007F1C72 /* mobileUITests.swift */,
				6D495BC928CF9A4F007F1C72 /* Info.plist */,
			);
			path = mobileUITests;
			sourceTree = "<group>";
		};
/* End PBXGroup section */

/* Begin PBXNativeTarget section */
		6D495BA628CF9A41007F1C72 /* mobile */ = {
			isa = PBXNativeTarget;
			buildConfigurationList = 6D495BCC28CF9A4F007F1C72 /* Build configuration list for PBXNativeTarget "mobile" */;
			buildPhases = (
				6D495BA328CF9A41007F1C72 /* Sources */,
				6D495BA428CF9A41007F1C72 /* Frameworks */,
				6D495BA528CF9A41007F1C72 /* Resources */,
			);
			buildRules = (
			);
			dependencies = (
			);
			name = mobile;
			productName = mobile;
			productReference = 6D495BA728CF9A41007F1C72 /* mobile.app */;
			productType = "com.apple.product-type.application";
		};
		6D495BB728CF9A4F007F1C72 /* mobileTests */ = {
			isa = PBXNativeTarget;
			buildConfigurationList = 6D495BCF28CF9A4F007F1C72 /* Build configuration list for PBXNativeTarget "mobileTests" */;
			buildPhases = (
				6D495BB428CF9A4F007F1C72 /* Sources */,
				6D495BB528CF9A4F007F1C72 /* Frameworks */,
				6D495BB628CF9A4F007F1C72 /* Resources */,
			);
			buildRules = (
			);
			dependencies = (
				6D495BBA28CF9A4F007F1C72 /* PBXTargetDependency */,
			);
			name = mobileTests;
			productName = mobileTests;
			productReference = 6D495BB828CF9A4F007F1C72 /* mobileTests.xctest */;
			productType = "com.apple.product-type.bundle.unit-test";
		};
		6D495BC228CF9A4F007F1C72 /* mobileUITests */ = {
			isa = PBXNativeTarget;
			buildConfigurationList = 6D495BD228CF9A4F007F1C72 /* Build configuration list for PBXNativeTarget "mobileUITests" */;
			buildPhases = (
				6D495BBF28CF9A4F007F1C72 /* Sources */,
				6D495BC028CF9A4F007F1C72 /* Frameworks */,
				6D495BC128CF9A4F007F1C72 /* Resources */,
			);
			buildRules = (
			);
			dependencies = (
				6D495BC528CF9A4F007F1C72 /* PBXTargetDependency */,
			);
			name = mobileUITests;
			productName = mobileUITests;
			productReference = 6D495BC328CF9A4F007F1C72 /* mobileUITests.xctest */;
			productType = "com.apple.product-type.bundle.ui-testing";
		};
/* End PBXNativeTarget section */

/* Begin PBXProject section */
		6D495B9F28CF9A41007F1C72 /* Project object */ = {
			isa = PBXProject;
			attributes = {
				LastSwiftUpdateCheck = 1240;
				LastUpgradeCheck = 1240;
				TargetAttributes = {
					6D495BA628CF9A41007F1C72 = {
						CreatedOnToolsVersion = 12.4;
					};
					6D495BB728CF9A4F007F1C72 = {
						CreatedOnToolsVersion = 12.4;
						TestTargetID = 6D495BA628CF9A41007F1C72;
					};
					6D495BC228CF9A4F007F1C72 = {
						CreatedOnToolsVersion = 12.4;
						TestTargetID = 6D495BA628CF9A41007F1C72;
					};
				};
			};
			buildConfigurationList = 6D495BA228CF9A41007F1C72 /* Build configuration list for PBXProject "mobile" */;
			compatibilityVersion = "Xcode 9.3";
			developmentRegion = en;
			hasScannedForEncodings = 0;
			knownRegions = (
				en,
				Base,
			);
			mainGroup = 6D495B9E28CF9A41007F1C72;
			productRefGroup = 6D495BA828CF9A41007F1C72 /* Products */;
			projectDirPath = "";
			projectRoot = "";
			targets = (
				6D495BA628CF9A41007F1C72 /* mobile */,
				6D495BB728CF9A4F007F1C72 /* mobileTests */,
				6D495BC228CF9A4F007F1C72 /* mobileUITests */,
			);
		};
/* End PBXProject section */

/* Begin PBXResourcesBuildPhase section */
		6D495BA528CF9A41007F1C72 /* Resources */ = {
			isa = PBXResourcesBuildPhase;
			buildActionMask = 2147483647;
			files = (
				6D495BB228CF9A4F007F1C72 /* Preview Assets.xcassets in Resources */,
				6D495BAF28CF9A4F007F1C72 /* Assets.xcassets in Resources */,
			);
			runOnlyForDeploymentPostprocessing = 0;
		};
		6D495BB628CF9A4F007F1C72 /* Resources */ = {
			isa = PBXResourcesBuildPhase;
			buildActionMask = 2147483647;
			files = (
			);
			runOnlyForDeploymentPostprocessing = 0;
		};
		6D495BC128CF9A4F007F1C72 /* Resources */ = {
			isa = PBXResourcesBuildPhase;
			buildActionMask = 2147483647;
			files = (
			);
			runOnlyForDeploymentPostprocessing = 0;
		};
/* End PBXResourcesBuildPhase section */

/* Begin PBXSourcesBuildPhase section */
		6D495BA328CF9A41007F1C72 /* Sources */ = {
			isa = PBXSourcesBuildPhase;
			buildActionMask = 2147483647;
			files = (
				6D495BAD28CF9A41007F1C72 /* ContentView.swift in Sources */,
				6D495BAB28CF9A41007F1C72 /* mobileApp.swift in Sources */,
			);
			runOnlyForDeploymentPostprocessing = 0;
		};
		6D495BB428CF9A4F007F1C72 /* Sources */ = {
			isa = PBXSourcesBuildPhase;
			buildActionMask = 2147483647;
			files = (
				6D495BBD28CF9A4F007F1C72 /* mobileTests.swift in Sources */,
			);
			runOnlyForDeploymentPostprocessing = 0;
		};
		6D495BBF28CF9A4F007F1C72 /* Sources */ = {
			isa = PBXSourcesBuildPhase;
			buildActionMask = 2147483647;
			files = (
				6D495BC828CF9A4F007F1C72 /* mobileUITests.swift in Sources */,
			);
			runOnlyForDeploymentPostprocessing = 0;
		};
/* End PBXSourcesBuildPhase section */

/* Begin PBXTargetDependency section */
		6D495BBA28CF9A4F007F1C72 /* PBXTargetDependency */ = {
			isa = PBXTargetDependency;
			target = 6D495BA628CF9A41007F1C72 /* mobile */;
			targetProxy = 6D495BB928CF9A4F007F1C72 /* PBXContainerItemProxy */;
		};
		6D495BC528CF9A4F007F1C72 /* PBXTargetDependency */ = {
			isa = PBXTargetDependency;
			target = 6D495BA628CF9A41007F1C72 /* mobile */;
			targetProxy = 6D495BC428CF9A4F007F1C72 /* PBXContainerItemProxy */;
		};
/* End PBXTargetDependency section */

/* Begin XCBuildConfiguration section */
		6D495BCA28CF9A4F007F1C72 /* Debug */ = {
			isa = XCBuildConfiguration;
			buildSettings = {
				ALWAYS_SEARCH_USER_PATHS = NO;
				CLANG_ANALYZER_NONNULL = YES;
				CLANG_ANALYZER_NUMBER_OBJECT_CONVERSION = YES_AGGRESSIVE;
				CLANG_CXX_LANGUAGE_STANDARD = "gnu++14";
				CLANG_CXX_LIBRARY = "libc++";
				CLANG_ENABLE_MODULES = YES;
				CLANG_ENABLE_OBJC_ARC = YES;
				CLANG_ENABLE_OBJC_WEAK = YES;
				CLANG_WARN_BLOCK_CAPTURE_AUTORELEASING = YES;
				CLANG_WARN_BOOL_CONVERSION = YES;
				CLANG_WARN_COMMA = YES;
				CLANG_WARN_CONSTANT_CONVERSION = YES;
				CLANG_WARN_DEPRECATED_OBJC_IMPLEMENTATIONS = YES;
				CLANG_WARN_DIRECT_OBJC_ISA_USAGE = YES_ERROR;
				CLANG_WARN_DOCUMENTATION_COMMENTS = YES;
				CLANG_WARN_EMPTY_BODY = YES;
				CLANG_WARN_ENUM_CONVERSION = YES;
				CLANG_WARN_INFINITE_RECURSION = YES;
				CLANG_WARN_INT_CONVERSION = YES;
				CLANG_WARN_NON_LITERAL_NULL_CONVERSION = YES;
				CLANG_WARN_OBJC_IMPLICIT_RETAIN_SELF = YES;
				CLANG_WARN_OBJC_LITERAL_CONVERSION = YES;
				CLANG_WARN_OBJC_ROOT_CLASS = YES_ERROR;
				CLANG_WARN_QUOTED_INCLUDE_IN_FRAMEWORK_HEADER = YES;
				CLANG_WARN_RANGE_LOOP_ANALYSIS = YES;
				CLANG_WARN_STRICT_PROTOTYPES = YES;
				CLANG_WARN_SUSPICIOUS_MOVE = YES;
				CLANG_WARN_UNGUARDED_AVAILABILITY = YES_AGGRESSIVE;
				CLANG_WARN_UNREACHABLE_CODE = YES;
				CLANG_WARN__DUPLICATE_METHOD_MATCH = YES;
				COPY_PHASE_STRIP = NO;
				DEBUG_INFORMATION_FORMAT = dwarf;
				ENABLE_STRICT_OBJC_MSGSEND = YES;
				ENABLE_TESTABILITY = YES;
				GCC_C_LANGUAGE_STANDARD = gnu11;
				GCC_DYNAMIC_NO_PIC = NO;
				GCC_NO_COMMON_BLOCKS = YES;
				GCC_OPTIMIZATION_LEVEL = 0;
				GCC_PREPROCESSOR_DEFINITIONS = (
					"DEBUG=1",
					"$(inherited)",
				);
				GCC_WARN_64_TO_32_BIT_CONVERSION = YES;
				GCC_WARN_ABOUT_RETURN_TYPE = YES_ERROR;
				GCC_WARN_UNDECLARED_SELECTOR = YES;
				GCC_WARN_UNINITIALIZED_AUTOS = YES_AGGRESSIVE;
				GCC_WARN_UNUSED_FUNCTION = YES;
				GCC_WARN_UNUSED_VARIABLE = YES;
				IPHONEOS_DEPLOYMENT_TARGET = 14.4;
				MTL_ENABLE_DEBUG_INFO = INCLUDE_SOURCE;
				MTL_FAST_MATH = YES;
				ONLY_ACTIVE_ARCH = YES;
				SDKROOT = iphoneos;
				SWIFT_ACTIVE_COMPILATION_CONDITIONS = DEBUG;
				SWIFT_OPTIMIZATION_LEVEL = "-Onone";
			};
			name = Debug;
		};
		6D495BCB28CF9A4F007F1C72 /* Release */ = {
			isa = XCBuildConfiguration;
			buildSettings = {
				ALWAYS_SEARCH_USER_PATHS = NO;
				CLANG_ANALYZER_NONNULL = YES;
				CLANG_ANALYZER_NUMBER_OBJECT_CONVERSION = YES_AGGRESSIVE;
				CLANG_CXX_LANGUAGE_STANDARD = "gnu++14";
				CLANG_CXX_LIBRARY = "libc++";
				CLANG_ENABLE_MODULES = YES;
				CLANG_ENABLE_OBJC_ARC = YES;
				CLANG_ENABLE_OBJC_WEAK = YES;
				CLANG_WARN_BLOCK_CAPTURE_AUTORELEASING = YES;
				CLANG_WARN_BOOL_CONVERSION = YES;
				CLANG_WARN_COMMA = YES;
				CLANG_WARN_CONSTANT_CONVERSION = YES;
				CLANG_WARN_DEPRECATED_OBJC_IMPLEMENTATIONS = YES;
				CLANG_WARN_DIRECT_OBJC_ISA_USAGE = YES_ERROR;
				CLANG_WARN_DOCUMENTATION_COMMENTS = YES;
				CLANG_WARN_EMPTY_BODY = YES;
				CLANG_WARN_ENUM_CONVERSION = YES;
				CLANG_WARN_INFINITE_RECURSION = YES;
				CLANG_WARN_INT_CONVERSION = YES;
				CLANG_WARN_NON_LITERAL_NULL_CONVERSION = YES;
				CLANG_WARN_OBJC_IMPLICIT_RETAIN_SELF = YES;
				CLANG_WARN_OBJC_LITERAL_CONVERSION = YES;
				CLANG_WARN_OBJC_ROOT_CLASS = YES_ERROR;
				CLANG_WARN_QUOTED_INCLUDE_IN_FRAMEWORK_HEADER = YES;
				CLANG_WARN_RANGE_LOOP_ANALYSIS = YES;
				CLANG_WARN_STRICT_PROTOTYPES = YES;
				CLANG_WARN_SUSPICIOUS_MOVE = YES;
				CLANG_WARN_UNGUARDED_AVAILABILITY = YES_AGGRESSIVE;
				CLANG_WARN_UNREACHABLE_CODE = YES;
				CLANG_WARN__DUPLICATE_METHOD_MATCH = YES;
				COPY_PHASE_STRIP = NO;
				DEBUG_INFORMATION_FORMAT = "dwarf-with-dsym";
				ENABLE_NS_ASSERTIONS = NO;
				ENABLE_STRICT_OBJC_MSGSEND = YES;
				GCC_C_LANGUAGE_STANDARD = gnu11;
				GCC_NO_COMMON_BLOCKS = YES;
				GCC_WARN_64_TO_32_BIT_CONVERSION = YES;
				GCC_WARN_ABOUT_RETURN_TYPE = YES_ERROR;
				GCC_WARN_UNDECLARED_SELECTOR = YES;
				GCC_WARN_UNINITIALIZED_AUTOS = YES_AGGRESSIVE;
				GCC_WARN_UNUSED_FUNCTION = YES;
				GCC_WARN_UNUSED_VARIABLE = YES;
				IPHONEOS_DEPLOYMENT_TARGET = 14.4;
				MTL_ENABLE_DEBUG_INFO = NO;
				MTL_FAST_MATH = YES;
				SDKROOT = iphoneos;
				SWIFT_COMPILATION_MODE = wholemodule;
				SWIFT_OPTIMIZATION_LEVEL = "-O";
				VALIDATE_PRODUCT = YES;
			};
			name = Release;
		};
		6D495BCD28CF9A4F007F1C72 /* Debug */ = {
			isa = XCBuildConfiguration;
			buildSettings = {
				ASSETCATALOG_COMPILER_APPICON_NAME = AppIcon;
				ASSETCATALOG_COMPILER_GLOBAL_ACCENT_COLOR_NAME = AccentColor;
				CODE_SIGN_STYLE = Automatic;
				DEVELOPMENT_ASSET_PATHS = "\"mobile/Preview Content\"";
				ENABLE_PREVIEWS = YES;
				INFOPLIST_FILE = mobile/Info.plist;
				IPHONEOS_DEPLOYMENT_TARGET = 14.0;
				LD_RUNPATH_SEARCH_PATHS = (
					"$(inherited)",
					"@executable_path/Frameworks",
				);
				PRODUCT_BUNDLE_IDENTIFIER = com.gironnetd.mobile;
				PRODUCT_NAME = "$(TARGET_NAME)";
				SWIFT_VERSION = 5.0;
				TARGETED_DEVICE_FAMILY = "1,2";
			};
			name = Debug;
		};
		6D495BCE28CF9A4F007F1C72 /* Release */ = {
			isa = XCBuildConfiguration;
			buildSettings = {
				ASSETCATALOG_COMPILER_APPICON_NAME = AppIcon;
				ASSETCATALOG_COMPILER_GLOBAL_ACCENT_COLOR_NAME = AccentColor;
				CODE_SIGN_STYLE = Automatic;
				DEVELOPMENT_ASSET_PATHS = "\"mobile/Preview Content\"";
				ENABLE_PREVIEWS = YES;
				INFOPLIST_FILE = mobile/Info.plist;
				IPHONEOS_DEPLOYMENT_TARGET = 14.0;
				LD_RUNPATH_SEARCH_PATHS = (
					"$(inherited)",
					"@executable_path/Frameworks",
				);
				PRODUCT_BUNDLE_IDENTIFIER = com.gironnetd.mobile;
				PRODUCT_NAME = "$(TARGET_NAME)";
				SWIFT_VERSION = 5.0;
				TARGETED_DEVICE_FAMILY = "1,2";
			};
			name = Release;
		};
		6D495BD028CF9A4F007F1C72 /* Debug */ = {
			isa = XCBuildConfiguration;
			buildSettings = {
				ALWAYS_EMBED_SWIFT_STANDARD_LIBRARIES = YES;
				BUNDLE_LOADER = "$(TEST_HOST)";
				CODE_SIGN_STYLE = Automatic;
				INFOPLIST_FILE = mobileTests/Info.plist;
				IPHONEOS_DEPLOYMENT_TARGET = 14.0;
				LD_RUNPATH_SEARCH_PATHS = (
					"$(inherited)",
					"@executable_path/Frameworks",
					"@loader_path/Frameworks",
				);
				PRODUCT_BUNDLE_IDENTIFIER = com.gironnetd.mobileTests;
				PRODUCT_NAME = "$(TARGET_NAME)";
				SWIFT_VERSION = 5.0;
				TARGETED_DEVICE_FAMILY = "1,2";
				TEST_HOST = "$(BUILT_PRODUCTS_DIR)/mobile.app/mobile";
			};
			name = Debug;
		};
		6D495BD128CF9A4F007F1C72 /* Release */ = {
			isa = XCBuildConfiguration;
			buildSettings = {
				ALWAYS_EMBED_SWIFT_STANDARD_LIBRARIES = YES;
				BUNDLE_LOADER = "$(TEST_HOST)";
				CODE_SIGN_STYLE = Automatic;
				INFOPLIST_FILE = mobileTests/Info.plist;
				IPHONEOS_DEPLOYMENT_TARGET = 14.0;
				LD_RUNPATH_SEARCH_PATHS = (
					"$(inherited)",
					"@executable_path/Frameworks",
					"@loader_path/Frameworks",
				);
				PRODUCT_BUNDLE_IDENTIFIER = com.gironnetd.mobileTests;
				PRODUCT_NAME = "$(TARGET_NAME)";
				SWIFT_VERSION = 5.0;
				TARGETED_DEVICE_FAMILY = "1,2";
				TEST_HOST = "$(BUILT_PRODUCTS_DIR)/mobile.app/mobile";
			};
			name = Release;
		};
		6D495BD328CF9A4F007F1C72 /* Debug */ = {
			isa = XCBuildConfiguration;
			buildSettings = {
				ALWAYS_EMBED_SWIFT_STANDARD_LIBRARIES = YES;
				CODE_SIGN_STYLE = Automatic;
				INFOPLIST_FILE = mobileUITests/Info.plist;
				LD_RUNPATH_SEARCH_PATHS = (
					"$(inherited)",
					"@executable_path/Frameworks",
					"@loader_path/Frameworks",
				);
				PRODUCT_BUNDLE_IDENTIFIER = com.gironnetd.mobileUITests;
				PRODUCT_NAME = "$(TARGET_NAME)";
				SWIFT_VERSION = 5.0;
				TARGETED_DEVICE_FAMILY = "1,2";
				TEST_TARGET_NAME = mobile;
			};
			name = Debug;
		};
		6D495BD428CF9A4F007F1C72 /* Release */ = {
			isa = XCBuildConfiguration;
			buildSettings = {
				ALWAYS_EMBED_SWIFT_STANDARD_LIBRARIES = YES;
				CODE_SIGN_STYLE = Automatic;
				INFOPLIST_FILE = mobileUITests/Info.plist;
				LD_RUNPATH_SEARCH_PATHS = (
					"$(inherited)",
					"@executable_path/Frameworks",
					"@loader_path/Frameworks",
				);
				PRODUCT_BUNDLE_IDENTIFIER = com.gironnetd.mobileUITests;
				PRODUCT_NAME = "$(TARGET_NAME)";
				SWIFT_VERSION = 5.0;
				TARGETED_DEVICE_FAMILY = "1,2";
				TEST_TARGET_NAME = mobile;
			};
			name = Release;
		};
/* End XCBuildConfiguration section */

/* Begin XCConfigurationList section */
		6D495BA228CF9A41007F1C72 /* Build configuration list for PBXProject "mobile" */ = {
			isa = XCConfigurationList;
			buildConfigurations = (
				6D495BCA28CF9A4F007F1C72 /* Debug */,
				6D495BCB28CF9A4F007F1C72 /* Release */,
			);
			defaultConfigurationIsVisible = 0;
			defaultConfigurationName = Release;
		};
		6D495BCC28CF9A4F007F1C72 /* Build configuration list for PBXNativeTarget "mobile" */ = {
			isa = XCConfigurationList;
			buildConfigurations = (
				6D495BCD28CF9A4F007F1C72 /* Debug */,
				6D495BCE28CF9A4F007F1C72 /* Release */,
			);
			defaultConfigurationIsVisible = 0;
			defaultConfigurationName = Release;
		};
		6D495BCF28CF9A4F007F1C72 /* Build configuration list for PBXNativeTarget "mobileTests" */ = {
			isa = XCConfigurationList;
			buildConfigurations = (
				6D495BD028CF9A4F007F1C72 /* Debug */,
				6D495BD128CF9A4F007F1C72 /* Release */,
			);
			defaultConfigurationIsVisible = 0;
			defaultConfigurationName = Release;
		};
		6D495BD228CF9A4F007F1C72 /* Build configuration list for PBXNativeTarget "mobileUITests" */ = {
			isa = XCConfigurationList;
			buildConfigurations = (
				6D495BD328CF9A4F007F1C72 /* Debug */,
				6D495BD428CF9A4F007F1C72 /* Release */,
			);
			defaultConfigurationIsVisible = 0;
			defaultConfigurationName = Release;
		};
/* End XCConfigurationList section */
	};
	rootObject = 6D495B9F28CF9A41007F1C72 /* Project object */;
}
